
Microsoft Visual Studio Solution File, Format Version 12.00
# Visual Studio Version 17
VisualStudioVersion = 17.9.34607.119
MinimumVisualStudioVersion = 10.0.40219.1
Project("{FAE04EC0-301F-11D3-BF4B-00C04F79EFBC}") = "FirstGTAMOD", "FirstGTAMOD\FirstGTAMOD.csproj", "{C8BC5B09-2071-4F3D-A2FA-F6E747D9E649}"
EndProject
Project("{9A19103F-16F7-4668-BE54-9A1E7A4F7556}") = "TikTokLiveSharpConsoleTestApplication", "TikTokLiveSharp-v1.0.0-Source\TikTokLiveSharp_TestApplication\TikTokLiveSharpConsoleTestApplication.csproj", "{012EF00F-6711-4195-9E2C-508E52BD329B}"
EndProject
Project("{FAE04EC0-301F-11D3-BF4B-00C04F79EFBC}") = "SeverSockets", "sockets\SeverSockets.csproj", "{F89D717B-DE42-4679-97B9-7D6D4D16A372}"
EndProject
Project("{FAE04EC0-301F-11D3-BF4B-00C04F79EFBC}") = "ClientSockets", "SocketsClient\ClientSockets.csproj", "{FE1A5B0A-ECDA-4E76-95EC-30D12CEE2A56}"
EndProject
Global
	GlobalSection(SolutionConfigurationPlatforms) = preSolution
		Debug|Any CPU = Debug|Any CPU
		Release|Any CPU = Release|Any CPU
	EndGlobalSection
	GlobalSection(ProjectConfigurationPlatforms) = postSolution
		{C8BC5B09-2071-4F3D-A2FA-F6E747D9E649}.Debug|Any CPU.ActiveCfg = Debug|Any CPU
		{C8BC5B09-2071-4F3D-A2FA-F6E747D9E649}.Debug|Any CPU.Build.0 = Debug|Any CPU
		{C8BC5B09-2071-4F3D-A2FA-F6E747D9E649}.Release|Any CPU.ActiveCfg = Release|Any CPU
		{C8BC5B09-2071-4F3D-A2FA-F6E747D9E649}.Release|Any CPU.Build.0 = Release|Any CPU
		{012EF00F-6711-4195-9E2C-508E52BD329B}.Debug|Any CPU.ActiveCfg = Debug|Any CPU
		{012EF00F-6711-4195-9E2C-508E52BD329B}.Debug|Any CPU.Build.0 = Debug|Any CPU
		{012EF00F-6711-4195-9E2C-508E52BD329B}.Release|Any CPU.ActiveCfg = Release|Any CPU
		{012EF00F-6711-4195-9E2C-508E52BD329B}.Release|Any CPU.Build.0 = Release|Any CPU
		{F89D717B-DE42-4679-97B9-7D6D4D16A372}.Debug|Any CPU.ActiveCfg = Debug|Any CPU
		{F89D717B-DE42-4679-97B9-7D6D4D16A372}.Debug|Any CPU.Build.0 = Debug|Any CPU
		{F89D717B-DE42-4679-97B9-7D6D4D16A372}.Release|Any CPU.ActiveCfg = Release|Any CPU
		{F89D717B-DE42-4679-97B9-7D6D4D16A372}.Release|Any CPU.Build.0 = Release|Any CPU
		{FE1A5B0A-ECDA-4E76-95EC-30D12CEE2A56}.Debug|Any CPU.ActiveCfg = Debug|Any CPU
		{FE1A5B0A-ECDA-4E76-95EC-30D12CEE2A56}.Debug|Any CPU.Build.0 = Debug|Any CPU
		{FE1A5B0A-ECDA-4E76-95EC-30D12CEE2A56}.Release|Any CPU.ActiveCfg = Release|Any CPU
		{FE1A5B0A-ECDA-4E76-95EC-30D12CEE2A56}.Release|Any CPU.Build.0 = Release|Any CPU
	EndGlobalSection
	GlobalSection(SolutionProperties) = preSolution
		HideSolutionNode = FALSE
	EndGlobalSection
	GlobalSection(ExtensibilityGlobals) = postSolution
		SolutionGuid = {2491AB5D-3439-41AE-8914-316ADDA9D2E3}
	EndGlobalSection
EndGlobal
